
Microsoft Visual Studio Solution File, Format Version 12.00
# Visual Studio Version 17
VisualStudioVersion = 17.5.33530.505
MinimumVisualStudioVersion = 10.0.40219.1
Project("{888888A0-9F3D-457C-B088-3A5042F75D52}") = "des app", "des app\des app.pyproj", "{CBE56AD9-2AD3-4252-811E-069CE7001BB7}"
EndProject
Global
	GlobalSection(SolutionConfigurationPlatforms) = preSolution
		Debug|Any CPU = Debug|Any CPU
		Release|Any CPU = Release|Any CPU
	EndGlobalSection
	GlobalSection(ProjectConfigurationPlatforms) = postSolution
		{CBE56AD9-2AD3-4252-811E-069CE7001BB7}.Debug|Any CPU.ActiveCfg = Debug|Any CPU
		{CBE56AD9-2AD3-4252-811E-069CE7001BB7}.Release|Any CPU.ActiveCfg = Release|Any CPU
	EndGlobalSection
	GlobalSection(SolutionProperties) = preSolution
		HideSolutionNode = FALSE
	EndGlobalSection
	GlobalSection(ExtensibilityGlobals) = postSolution
		SolutionGuid = {2D1D2887-7B4D-4EBF-AD9B-0474FBF833E0}
	EndGlobalSection
EndGlobal
